// !$*UTF8*$!
{
	archiveVersion = 1;
	classes = {
	};
	objectVersion = 50;
	objects = {

/* Begin PBXBuildFile section */
		22BFAC0922E48DDB00EA833B /* AppDelegate.swift in Sources */ = {isa = PBXBuildFile; fileRef = 22BFAC0822E48DDB00EA833B /* AppDelegate.swift */; };
		22BFAC0B22E48DDB00EA833B /* GameView.swift in Sources */ = {isa = PBXBuildFile; fileRef = 22BFAC0A22E48DDB00EA833B /* GameView.swift */; };
		22BFAC0E22E48DDB00EA833B /* Main.storyboard in Resources */ = {isa = PBXBuildFile; fileRef = 22BFAC0C22E48DDB00EA833B /* Main.storyboard */; };
		22BFAC1122E48DDB00EA833B /* ViperIos.xcdatamodeld in Sources */ = {isa = PBXBuildFile; fileRef = 22BFAC0F22E48DDB00EA833B /* ViperIos.xcdatamodeld */; };
		22BFAC1322E48DDB00EA833B /* Assets.xcassets in Resources */ = {isa = PBXBuildFile; fileRef = 22BFAC1222E48DDB00EA833B /* Assets.xcassets */; };
		22BFAC1622E48DDB00EA833B /* LaunchScreen.storyboard in Resources */ = {isa = PBXBuildFile; fileRef = 22BFAC1422E48DDB00EA833B /* LaunchScreen.storyboard */; };
		22BFAC1E22E48F5100EA833B /* MenuView.swift in Sources */ = {isa = PBXBuildFile; fileRef = 22BFAC1D22E48F5100EA833B /* MenuView.swift */; };
		22BFAC2122E48F8400EA833B /* StatsView.swift in Sources */ = {isa = PBXBuildFile; fileRef = 22BFAC2022E48F8400EA833B /* StatsView.swift */; };
		22BFAC2522E4938300EA833B /* Grid.png in Resources */ = {isa = PBXBuildFile; fileRef = 22BFAC2422E4938300EA833B /* Grid.png */; };
		22BFAC2722E4A48400EA833B /* GamePresenter.swift in Sources */ = {isa = PBXBuildFile; fileRef = 22BFAC2622E4A48400EA833B /* GamePresenter.swift */; };
		22BFAC2922E4A6AA00EA833B /* GamePresenterViewProtocols.swift in Sources */ = {isa = PBXBuildFile; fileRef = 22BFAC2822E4A6AA00EA833B /* GamePresenterViewProtocols.swift */; };
		22BFAC2D22E4AAEC00EA833B /* GamePresenterInteractorProtocols.swift in Sources */ = {isa = PBXBuildFile; fileRef = 22BFAC2C22E4AAEC00EA833B /* GamePresenterInteractorProtocols.swift */; };
		22BFAC2F22E4ACA000EA833B /* PlayerEntity.swift in Sources */ = {isa = PBXBuildFile; fileRef = 22BFAC2E22E4ACA000EA833B /* PlayerEntity.swift */; };
		22BFAC3122E4B5F700EA833B /* GameInteractor.swift in Sources */ = {isa = PBXBuildFile; fileRef = 22BFAC3022E4B5F700EA833B /* GameInteractor.swift */; };
		22BFAC3322E4B81200EA833B /* GameRouter.swift in Sources */ = {isa = PBXBuildFile; fileRef = 22BFAC3222E4B81200EA833B /* GameRouter.swift */; };
		22BFAC3522E4B99900EA833B /* MenuRouter.swift in Sources */ = {isa = PBXBuildFile; fileRef = 22BFAC3422E4B99900EA833B /* MenuRouter.swift */; };
		22BFAC3722E4BB3C00EA833B /* GamePresenterRouterProtocols.swift in Sources */ = {isa = PBXBuildFile; fileRef = 22BFAC3622E4BB3C00EA833B /* GamePresenterRouterProtocols.swift */; };
		22BFAC3922E4BDB500EA833B /* StatsRouter.swift in Sources */ = {isa = PBXBuildFile; fileRef = 22BFAC3822E4BDB500EA833B /* StatsRouter.swift */; };
		22BFAC3B22E4C0B500EA833B /* GameCoreDataService.swift in Sources */ = {isa = PBXBuildFile; fileRef = 22BFAC3A22E4C0B500EA833B /* GameCoreDataService.swift */; };
		22BFAC3D22E4C1A400EA833B /* GameInteractorCoreDataProtocols.swift in Sources */ = {isa = PBXBuildFile; fileRef = 22BFAC3C22E4C1A400EA833B /* GameInteractorCoreDataProtocols.swift */; };
		22BFAC3F22E5CC2D00EA833B /* GameState.swift in Sources */ = {isa = PBXBuildFile; fileRef = 22BFAC3E22E5CC2D00EA833B /* GameState.swift */; };
		22BFAC4122E5DEE000EA833B /* StatsCoreDataService.swift in Sources */ = {isa = PBXBuildFile; fileRef = 22BFAC4022E5DEE000EA833B /* StatsCoreDataService.swift */; };
		22BFAC4322E5DF3400EA833B /* StatsInteractor.swift in Sources */ = {isa = PBXBuildFile; fileRef = 22BFAC4222E5DF3400EA833B /* StatsInteractor.swift */; };
		22BFAC4522E5DF5400EA833B /* StatsPresenter.swift in Sources */ = {isa = PBXBuildFile; fileRef = 22BFAC4422E5DF5400EA833B /* StatsPresenter.swift */; };
		22BFAC4722E5DF7C00EA833B /* StatsPresenterViewProtocols.swift in Sources */ = {isa = PBXBuildFile; fileRef = 22BFAC4622E5DF7C00EA833B /* StatsPresenterViewProtocols.swift */; };
		22BFAC4922E5E09E00EA833B /* StatsPresenterRouterProtocols.swift in Sources */ = {isa = PBXBuildFile; fileRef = 22BFAC4822E5E09E00EA833B /* StatsPresenterRouterProtocols.swift */; };
		22BFAC4B22E5E0B400EA833B /* StatsPresenterInteractorProtocols.swift in Sources */ = {isa = PBXBuildFile; fileRef = 22BFAC4A22E5E0B400EA833B /* StatsPresenterInteractorProtocols.swift */; };
		22BFAC4D22E5E0C500EA833B /* StatsInteractorCoreDataProtocols.swift in Sources */ = {isa = PBXBuildFile; fileRef = 22BFAC4C22E5E0C500EA833B /* StatsInteractorCoreDataProtocols.swift */; };
/* End PBXBuildFile section */

/* Begin PBXFileReference section */
		22BFAC0522E48DDB00EA833B /* ViperIos.app */ = {isa = PBXFileReference; explicitFileType = wrapper.application; includeInIndex = 0; path = ViperIos.app; sourceTree = BUILT_PRODUCTS_DIR; };
		22BFAC0822E48DDB00EA833B /* AppDelegate.swift */ = {isa = PBXFileReference; lastKnownFileType = sourcecode.swift; path = AppDelegate.swift; sourceTree = "<group>"; };
		22BFAC0A22E48DDB00EA833B /* GameView.swift */ = {isa = PBXFileReference; lastKnownFileType = sourcecode.swift; path = GameView.swift; sourceTree = "<group>"; };
		22BFAC0D22E48DDB00EA833B /* Base */ = {isa = PBXFileReference; lastKnownFileType = file.storyboard; name = Base; path = Base.lproj/Main.storyboard; sourceTree = "<group>"; };
		22BFAC1022E48DDB00EA833B /* ViperIos.xcdatamodel */ = {isa = PBXFileReference; lastKnownFileType = wrapper.xcdatamodel; path = ViperIos.xcdatamodel; sourceTree = "<group>"; };
		22BFAC1222E48DDB00EA833B /* Assets.xcassets */ = {isa = PBXFileReference; lastKnownFileType = folder.assetcatalog; path = Assets.xcassets; sourceTree = "<group>"; };
		22BFAC1522E48DDB00EA833B /* Base */ = {isa = PBXFileReference; lastKnownFileType = file.storyboard; name = Base; path = Base.lproj/LaunchScreen.storyboard; sourceTree = "<group>"; };
		22BFAC1722E48DDB00EA833B /* Info.plist */ = {isa = PBXFileReference; lastKnownFileType = text.plist.xml; path = Info.plist; sourceTree = "<group>"; };
		22BFAC1D22E48F5100EA833B /* MenuView.swift */ = {isa = PBXFileReference; lastKnownFileType = sourcecode.swift; path = MenuView.swift; sourceTree = "<group>"; };
		22BFAC2022E48F8400EA833B /* StatsView.swift */ = {isa = PBXFileReference; lastKnownFileType = sourcecode.swift; path = StatsView.swift; sourceTree = "<group>"; };
		22BFAC2422E4938300EA833B /* Grid.png */ = {isa = PBXFileReference; lastKnownFileType = image.png; path = Grid.png; sourceTree = "<group>"; };
		22BFAC2622E4A48400EA833B /* GamePresenter.swift */ = {isa = PBXFileReference; lastKnownFileType = sourcecode.swift; path = GamePresenter.swift; sourceTree = "<group>"; };
		22BFAC2822E4A6AA00EA833B /* GamePresenterViewProtocols.swift */ = {isa = PBXFileReference; lastKnownFileType = sourcecode.swift; path = GamePresenterViewProtocols.swift; sourceTree = "<group>"; };
		22BFAC2C22E4AAEC00EA833B /* GamePresenterInteractorProtocols.swift */ = {isa = PBXFileReference; lastKnownFileType = sourcecode.swift; path = GamePresenterInteractorProtocols.swift; sourceTree = "<group>"; };
		22BFAC2E22E4ACA000EA833B /* PlayerEntity.swift */ = {isa = PBXFileReference; lastKnownFileType = sourcecode.swift; path = PlayerEntity.swift; sourceTree = "<group>"; };
		22BFAC3022E4B5F700EA833B /* GameInteractor.swift */ = {isa = PBXFileReference; lastKnownFileType = sourcecode.swift; path = GameInteractor.swift; sourceTree = "<group>"; };
		22BFAC3222E4B81200EA833B /* GameRouter.swift */ = {isa = PBXFileReference; lastKnownFileType = sourcecode.swift; path = GameRouter.swift; sourceTree = "<group>"; };
		22BFAC3422E4B99900EA833B /* MenuRouter.swift */ = {isa = PBXFileReference; lastKnownFileType = sourcecode.swift; path = MenuRouter.swift; sourceTree = "<group>"; };
		22BFAC3622E4BB3C00EA833B /* GamePresenterRouterProtocols.swift */ = {isa = PBXFileReference; lastKnownFileType = sourcecode.swift; path = GamePresenterRouterProtocols.swift; sourceTree = "<group>"; };
		22BFAC3822E4BDB500EA833B /* StatsRouter.swift */ = {isa = PBXFileReference; lastKnownFileType = sourcecode.swift; path = StatsRouter.swift; sourceTree = "<group>"; };
		22BFAC3A22E4C0B500EA833B /* GameCoreDataService.swift */ = {isa = PBXFileReference; lastKnownFileType = sourcecode.swift; path = GameCoreDataService.swift; sourceTree = "<group>"; };
		22BFAC3C22E4C1A400EA833B /* GameInteractorCoreDataProtocols.swift */ = {isa = PBXFileReference; lastKnownFileType = sourcecode.swift; path = GameInteractorCoreDataProtocols.swift; sourceTree = "<group>"; };
		22BFAC3E22E5CC2D00EA833B /* GameState.swift */ = {isa = PBXFileReference; lastKnownFileType = sourcecode.swift; path = GameState.swift; sourceTree = "<group>"; };
		22BFAC4022E5DEE000EA833B /* StatsCoreDataService.swift */ = {isa = PBXFileReference; lastKnownFileType = sourcecode.swift; path = StatsCoreDataService.swift; sourceTree = "<group>"; };
		22BFAC4222E5DF3400EA833B /* StatsInteractor.swift */ = {isa = PBXFileReference; lastKnownFileType = sourcecode.swift; path = StatsInteractor.swift; sourceTree = "<group>"; };
		22BFAC4422E5DF5400EA833B /* StatsPresenter.swift */ = {isa = PBXFileReference; lastKnownFileType = sourcecode.swift; path = StatsPresenter.swift; sourceTree = "<group>"; };
		22BFAC4622E5DF7C00EA833B /* StatsPresenterViewProtocols.swift */ = {isa = PBXFileReference; lastKnownFileType = sourcecode.swift; path = StatsPresenterViewProtocols.swift; sourceTree = "<group>"; };
		22BFAC4822E5E09E00EA833B /* StatsPresenterRouterProtocols.swift */ = {isa = PBXFileReference; lastKnownFileType = sourcecode.swift; path = StatsPresenterRouterProtocols.swift; sourceTree = "<group>"; };
		22BFAC4A22E5E0B400EA833B /* StatsPresenterInteractorProtocols.swift */ = {isa = PBXFileReference; lastKnownFileType = sourcecode.swift; path = StatsPresenterInteractorProtocols.swift; sourceTree = "<group>"; };
		22BFAC4C22E5E0C500EA833B /* StatsInteractorCoreDataProtocols.swift */ = {isa = PBXFileReference; lastKnownFileType = sourcecode.swift; path = StatsInteractorCoreDataProtocols.swift; sourceTree = "<group>"; };
/* End PBXFileReference section */

/* Begin PBXFrameworksBuildPhase section */
		22BFAC0222E48DDB00EA833B /* Frameworks */ = {
			isa = PBXFrameworksBuildPhase;
			buildActionMask = 2147483647;
			files = (
			);
			runOnlyForDeploymentPostprocessing = 0;
		};
/* End PBXFrameworksBuildPhase section */

/* Begin PBXGroup section */
		22BFABFC22E48DDB00EA833B = {
			isa = PBXGroup;
			children = (
				22BFAC0722E48DDB00EA833B /* ViperIos */,
				22BFAC0622E48DDB00EA833B /* Products */,
			);
			sourceTree = "<group>";
		};
		22BFAC0622E48DDB00EA833B /* Products */ = {
			isa = PBXGroup;
			children = (
				22BFAC0522E48DDB00EA833B /* ViperIos.app */,
			);
			name = Products;
			sourceTree = "<group>";
		};
		22BFAC0722E48DDB00EA833B /* ViperIos */ = {
			isa = PBXGroup;
			children = (
				22BFAC2422E4938300EA833B /* Grid.png */,
				22BFAC2222E48F9700EA833B /* Game */,
				22BFAC1F22E48F5700EA833B /* Menu */,
				22BFAC2322E48F9D00EA833B /* Stats */,
				22BFAC0822E48DDB00EA833B /* AppDelegate.swift */,
				22BFAC0C22E48DDB00EA833B /* Main.storyboard */,
				22BFAC1222E48DDB00EA833B /* Assets.xcassets */,
				22BFAC1422E48DDB00EA833B /* LaunchScreen.storyboard */,
				22BFAC1722E48DDB00EA833B /* Info.plist */,
				22BFAC0F22E48DDB00EA833B /* ViperIos.xcdatamodeld */,
			);
			path = ViperIos;
			sourceTree = "<group>";
		};
		22BFAC1F22E48F5700EA833B /* Menu */ = {
			isa = PBXGroup;
			children = (
				22BFAC1D22E48F5100EA833B /* MenuView.swift */,
				22BFAC3422E4B99900EA833B /* MenuRouter.swift */,
			);
			path = Menu;
			sourceTree = "<group>";
		};
		22BFAC2222E48F9700EA833B /* Game */ = {
			isa = PBXGroup;
			children = (
				22BFAC0A22E48DDB00EA833B /* GameView.swift */,
				22BFAC2622E4A48400EA833B /* GamePresenter.swift */,
				22BFAC3222E4B81200EA833B /* GameRouter.swift */,
				22BFAC3022E4B5F700EA833B /* GameInteractor.swift */,
				22BFAC3A22E4C0B500EA833B /* GameCoreDataService.swift */,
				22BFAC2822E4A6AA00EA833B /* GamePresenterViewProtocols.swift */,
				22BFAC3622E4BB3C00EA833B /* GamePresenterRouterProtocols.swift */,
				22BFAC2C22E4AAEC00EA833B /* GamePresenterInteractorProtocols.swift */,
				22BFAC3C22E4C1A400EA833B /* GameInteractorCoreDataProtocols.swift */,
				22BFAC3E22E5CC2D00EA833B /* GameState.swift */,
				22BFAC2E22E4ACA000EA833B /* PlayerEntity.swift */,
			);
			path = Game;
			sourceTree = "<group>";
		};
		22BFAC2322E48F9D00EA833B /* Stats */ = {
			isa = PBXGroup;
			children = (
				22BFAC2022E48F8400EA833B /* StatsView.swift */,
				22BFAC4422E5DF5400EA833B /* StatsPresenter.swift */,
				22BFAC3822E4BDB500EA833B /* StatsRouter.swift */,
				22BFAC4222E5DF3400EA833B /* StatsInteractor.swift */,
				22BFAC4022E5DEE000EA833B /* StatsCoreDataService.swift */,
				22BFAC4622E5DF7C00EA833B /* StatsPresenterViewProtocols.swift */,
				22BFAC4822E5E09E00EA833B /* StatsPresenterRouterProtocols.swift */,
				22BFAC4A22E5E0B400EA833B /* StatsPresenterInteractorProtocols.swift */,
				22BFAC4C22E5E0C500EA833B /* StatsInteractorCoreDataProtocols.swift */,
			);
			path = Stats;
			sourceTree = "<group>";
		};
/* End PBXGroup section */

/* Begin PBXNativeTarget section */
		22BFAC0422E48DDB00EA833B /* ViperIos */ = {
			isa = PBXNativeTarget;
			buildConfigurationList = 22BFAC1A22E48DDB00EA833B /* Build configuration list for PBXNativeTarget "ViperIos" */;
			buildPhases = (
				22BFAC0122E48DDB00EA833B /* Sources */,
				22BFAC0222E48DDB00EA833B /* Frameworks */,
				22BFAC0322E48DDB00EA833B /* Resources */,
			);
			buildRules = (
			);
			dependencies = (
			);
			name = ViperIos;
			productName = ViperIos;
			productReference = 22BFAC0522E48DDB00EA833B /* ViperIos.app */;
			productType = "com.apple.product-type.application";
		};
/* End PBXNativeTarget section */

/* Begin PBXProject section */
		22BFABFD22E48DDB00EA833B /* Project object */ = {
			isa = PBXProject;
			attributes = {
				LastSwiftUpdateCheck = 1020;
				LastUpgradeCheck = 1020;
				ORGANIZATIONNAME = Tim;
				TargetAttributes = {
					22BFAC0422E48DDB00EA833B = {
						CreatedOnToolsVersion = 10.2;
					};
				};
			};
			buildConfigurationList = 22BFAC0022E48DDB00EA833B /* Build configuration list for PBXProject "ViperIos" */;
			compatibilityVersion = "Xcode 9.3";
			developmentRegion = en;
			hasScannedForEncodings = 0;
			knownRegions = (
				en,
				Base,
			);
			mainGroup = 22BFABFC22E48DDB00EA833B;
			productRefGroup = 22BFAC0622E48DDB00EA833B /* Products */;
			projectDirPath = "";
			projectRoot = "";
			targets = (
				22BFAC0422E48DDB00EA833B /* ViperIos */,
			);
		};
/* End PBXProject section */

/* Begin PBXResourcesBuildPhase section */
		22BFAC0322E48DDB00EA833B /* Resources */ = {
			isa = PBXResourcesBuildPhase;
			buildActionMask = 2147483647;
			files = (
				22BFAC1622E48DDB00EA833B /* LaunchScreen.storyboard in Resources */,
				22BFAC2522E4938300EA833B /* Grid.png in Resources */,
				22BFAC1322E48DDB00EA833B /* Assets.xcassets in Resources */,
				22BFAC0E22E48DDB00EA833B /* Main.storyboard in Resources */,
			);
			runOnlyForDeploymentPostprocessing = 0;
		};
/* End PBXResourcesBuildPhase section */

/* Begin PBXSourcesBuildPhase section */
		22BFAC0122E48DDB00EA833B /* Sources */ = {
			isa = PBXSourcesBuildPhase;
			buildActionMask = 2147483647;
			files = (
				22BFAC3322E4B81200EA833B /* GameRouter.swift in Sources */,
				22BFAC0B22E48DDB00EA833B /* GameView.swift in Sources */,
				22BFAC3122E4B5F700EA833B /* GameInteractor.swift in Sources */,
				22BFAC4D22E5E0C500EA833B /* StatsInteractorCoreDataProtocols.swift in Sources */,
				22BFAC2922E4A6AA00EA833B /* GamePresenterViewProtocols.swift in Sources */,
				22BFAC4322E5DF3400EA833B /* StatsInteractor.swift in Sources */,
				22BFAC4122E5DEE000EA833B /* StatsCoreDataService.swift in Sources */,
				22BFAC4722E5DF7C00EA833B /* StatsPresenterViewProtocols.swift in Sources */,
				22BFAC4522E5DF5400EA833B /* StatsPresenter.swift in Sources */,
				22BFAC2F22E4ACA000EA833B /* PlayerEntity.swift in Sources */,
				22BFAC3522E4B99900EA833B /* MenuRouter.swift in Sources */,
				22BFAC2D22E4AAEC00EA833B /* GamePresenterInteractorProtocols.swift in Sources */,
				22BFAC4922E5E09E00EA833B /* StatsPresenterRouterProtocols.swift in Sources */,
				22BFAC2122E48F8400EA833B /* StatsView.swift in Sources */,
				22BFAC4B22E5E0B400EA833B /* StatsPresenterInteractorProtocols.swift in Sources */,
				22BFAC3F22E5CC2D00EA833B /* GameState.swift in Sources */,
				22BFAC3922E4BDB500EA833B /* StatsRouter.swift in Sources */,
				22BFAC3B22E4C0B500EA833B /* GameCoreDataService.swift in Sources */,
				22BFAC2722E4A48400EA833B /* GamePresenter.swift in Sources */,
				22BFAC3722E4BB3C00EA833B /* GamePresenterRouterProtocols.swift in Sources */,
				22BFAC1E22E48F5100EA833B /* MenuView.swift in Sources */,
				22BFAC3D22E4C1A400EA833B /* GameInteractorCoreDataProtocols.swift in Sources */,
				22BFAC0922E48DDB00EA833B /* AppDelegate.swift in Sources */,
				22BFAC1122E48DDB00EA833B /* ViperIos.xcdatamodeld in Sources */,
			);
			runOnlyForDeploymentPostprocessing = 0;
		};
/* End PBXSourcesBuildPhase section */

/* Begin PBXVariantGroup section */
		22BFAC0C22E48DDB00EA833B /* Main.storyboard */ = {
			isa = PBXVariantGroup;
			children = (
				22BFAC0D22E48DDB00EA833B /* Base */,
			);
			name = Main.storyboard;
			sourceTree = "<group>";
		};
		22BFAC1422E48DDB00EA833B /* LaunchScreen.storyboard */ = {
			isa = PBXVariantGroup;
			children = (
				22BFAC1522E48DDB00EA833B /* Base */,
			);
			name = LaunchScreen.storyboard;
			sourceTree = "<group>";
		};
/* End PBXVariantGroup section */

/* Begin XCBuildConfiguration section */
		22BFAC1822E48DDB00EA833B /* Debug */ = {
			isa = XCBuildConfiguration;
			buildSettings = {
				ALWAYS_SEARCH_USER_PATHS = NO;
				CLANG_ANALYZER_NONNULL = YES;
				CLANG_ANALYZER_NUMBER_OBJECT_CONVERSION = YES_AGGRESSIVE;
				CLANG_CXX_LANGUAGE_STANDARD = "gnu++14";
				CLANG_CXX_LIBRARY = "libc++";
				CLANG_ENABLE_MODULES = YES;
				CLANG_ENABLE_OBJC_ARC = YES;
				CLANG_ENABLE_OBJC_WEAK = YES;
				CLANG_WARN_BLOCK_CAPTURE_AUTORELEASING = YES;
				CLANG_WARN_BOOL_CONVERSION = YES;
				CLANG_WARN_COMMA = YES;
				CLANG_WARN_CONSTANT_CONVERSION = YES;
				CLANG_WARN_DEPRECATED_OBJC_IMPLEMENTATIONS = YES;
				CLANG_WARN_DIRECT_OBJC_ISA_USAGE = YES_ERROR;
				CLANG_WARN_DOCUMENTATION_COMMENTS = YES;
				CLANG_WARN_EMPTY_BODY = YES;
				CLANG_WARN_ENUM_CONVERSION = YES;
				CLANG_WARN_INFINITE_RECURSION = YES;
				CLANG_WARN_INT_CONVERSION = YES;
				CLANG_WARN_NON_LITERAL_NULL_CONVERSION = YES;
				CLANG_WARN_OBJC_IMPLICIT_RETAIN_SELF = YES;
				CLANG_WARN_OBJC_LITERAL_CONVERSION = YES;
				CLANG_WARN_OBJC_ROOT_CLASS = YES_ERROR;
				CLANG_WARN_RANGE_LOOP_ANALYSIS = YES;
				CLANG_WARN_STRICT_PROTOTYPES = YES;
				CLANG_WARN_SUSPICIOUS_MOVE = YES;
				CLANG_WARN_UNGUARDED_AVAILABILITY = YES_AGGRESSIVE;
				CLANG_WARN_UNREACHABLE_CODE = YES;
				CLANG_WARN__DUPLICATE_METHOD_MATCH = YES;
				CODE_SIGN_IDENTITY = "iPhone Developer";
				COPY_PHASE_STRIP = NO;
				DEBUG_INFORMATION_FORMAT = dwarf;
				ENABLE_STRICT_OBJC_MSGSEND = YES;
				ENABLE_TESTABILITY = YES;
				GCC_C_LANGUAGE_STANDARD = gnu11;
				GCC_DYNAMIC_NO_PIC = NO;
				GCC_NO_COMMON_BLOCKS = YES;
				GCC_OPTIMIZATION_LEVEL = 0;
				GCC_PREPROCESSOR_DEFINITIONS = (
					"DEBUG=1",
					"$(inherited)",
				);
				GCC_WARN_64_TO_32_BIT_CONVERSION = YES;
				GCC_WARN_ABOUT_RETURN_TYPE = YES_ERROR;
				GCC_WARN_UNDECLARED_SELECTOR = YES;
				GCC_WARN_UNINITIALIZED_AUTOS = YES_AGGRESSIVE;
				GCC_WARN_UNUSED_FUNCTION = YES;
				GCC_WARN_UNUSED_VARIABLE = YES;
				IPHONEOS_DEPLOYMENT_TARGET = 12.2;
				MTL_ENABLE_DEBUG_INFO = INCLUDE_SOURCE;
				MTL_FAST_MATH = YES;
				ONLY_ACTIVE_ARCH = YES;
				SDKROOT = iphoneos;
				SWIFT_ACTIVE_COMPILATION_CONDITIONS = DEBUG;
				SWIFT_OPTIMIZATION_LEVEL = "-Onone";
			};
			name = Debug;
		};
		22BFAC1922E48DDB00EA833B /* Release */ = {
			isa = XCBuildConfiguration;
			buildSettings = {
				ALWAYS_SEARCH_USER_PATHS = NO;
				CLANG_ANALYZER_NONNULL = YES;
				CLANG_ANALYZER_NUMBER_OBJECT_CONVERSION = YES_AGGRESSIVE;
				CLANG_CXX_LANGUAGE_STANDARD = "gnu++14";
				CLANG_CXX_LIBRARY = "libc++";
				CLANG_ENABLE_MODULES = YES;
				CLANG_ENABLE_OBJC_ARC = YES;
				CLANG_ENABLE_OBJC_WEAK = YES;
				CLANG_WARN_BLOCK_CAPTURE_AUTORELEASING = YES;
				CLANG_WARN_BOOL_CONVERSION = YES;
				CLANG_WARN_COMMA = YES;
				CLANG_WARN_CONSTANT_CONVERSION = YES;
				CLANG_WARN_DEPRECATED_OBJC_IMPLEMENTATIONS = YES;
				CLANG_WARN_DIRECT_OBJC_ISA_USAGE = YES_ERROR;
				CLANG_WARN_DOCUMENTATION_COMMENTS = YES;
				CLANG_WARN_EMPTY_BODY = YES;
				CLANG_WARN_ENUM_CONVERSION = YES;
				CLANG_WARN_INFINITE_RECURSION = YES;
				CLANG_WARN_INT_CONVERSION = YES;
				CLANG_WARN_NON_LITERAL_NULL_CONVERSION = YES;
				CLANG_WARN_OBJC_IMPLICIT_RETAIN_SELF = YES;
				CLANG_WARN_OBJC_LITERAL_CONVERSION = YES;
				CLANG_WARN_OBJC_ROOT_CLASS = YES_ERROR;
				CLANG_WARN_RANGE_LOOP_ANALYSIS = YES;
				CLANG_WARN_STRICT_PROTOTYPES = YES;
				CLANG_WARN_SUSPICIOUS_MOVE = YES;
				CLANG_WARN_UNGUARDED_AVAILABILITY = YES_AGGRESSIVE;
				CLANG_WARN_UNREACHABLE_CODE = YES;
				CLANG_WARN__DUPLICATE_METHOD_MATCH = YES;
				CODE_SIGN_IDENTITY = "iPhone Developer";
				COPY_PHASE_STRIP = NO;
				DEBUG_INFORMATION_FORMAT = "dwarf-with-dsym";
				ENABLE_NS_ASSERTIONS = NO;
				ENABLE_STRICT_OBJC_MSGSEND = YES;
				GCC_C_LANGUAGE_STANDARD = gnu11;
				GCC_NO_COMMON_BLOCKS = YES;
				GCC_WARN_64_TO_32_BIT_CONVERSION = YES;
				GCC_WARN_ABOUT_RETURN_TYPE = YES_ERROR;
				GCC_WARN_UNDECLARED_SELECTOR = YES;
				GCC_WARN_UNINITIALIZED_AUTOS = YES_AGGRESSIVE;
				GCC_WARN_UNUSED_FUNCTION = YES;
				GCC_WARN_UNUSED_VARIABLE = YES;
				IPHONEOS_DEPLOYMENT_TARGET = 12.2;
				MTL_ENABLE_DEBUG_INFO = NO;
				MTL_FAST_MATH = YES;
				SDKROOT = iphoneos;
				SWIFT_COMPILATION_MODE = wholemodule;
				SWIFT_OPTIMIZATION_LEVEL = "-O";
				VALIDATE_PRODUCT = YES;
			};
			name = Release;
		};
		22BFAC1B22E48DDB00EA833B /* Debug */ = {
			isa = XCBuildConfiguration;
			buildSettings = {
				ASSETCATALOG_COMPILER_APPICON_NAME = AppIcon;
				CODE_SIGN_STYLE = Automatic;
				DEVELOPMENT_TEAM = TXY668PRH2;
				INFOPLIST_FILE = ViperIos/Info.plist;
				LD_RUNPATH_SEARCH_PATHS = (
					"$(inherited)",
					"@executable_path/Frameworks",
				);
				PRODUCT_BUNDLE_IDENTIFIER = com.tim.ViperIos;
				PRODUCT_NAME = "$(TARGET_NAME)";
				SWIFT_VERSION = 5.0;
				TARGETED_DEVICE_FAMILY = "1,2";
			};
			name = Debug;
		};
		22BFAC1C22E48DDB00EA833B /* Release */ = {
			isa = XCBuildConfiguration;
			buildSettings = {
				ASSETCATALOG_COMPILER_APPICON_NAME = AppIcon;
				CODE_SIGN_STYLE = Automatic;
				DEVELOPMENT_TEAM = TXY668PRH2;
				INFOPLIST_FILE = ViperIos/Info.plist;
				LD_RUNPATH_SEARCH_PATHS = (
					"$(inherited)",
					"@executable_path/Frameworks",
				);
				PRODUCT_BUNDLE_IDENTIFIER = com.tim.ViperIos;
				PRODUCT_NAME = "$(TARGET_NAME)";
				SWIFT_VERSION = 5.0;
				TARGETED_DEVICE_FAMILY = "1,2";
			};
			name = Release;
		};
/* End XCBuildConfiguration section */

/* Begin XCConfigurationList section */
		22BFAC0022E48DDB00EA833B /* Build configuration list for PBXProject "ViperIos" */ = {
			isa = XCConfigurationList;
			buildConfigurations = (
				22BFAC1822E48DDB00EA833B /* Debug */,
				22BFAC1922E48DDB00EA833B /* Release */,
			);
			defaultConfigurationIsVisible = 0;
			defaultConfigurationName = Release;
		};
		22BFAC1A22E48DDB00EA833B /* Build configuration list for PBXNativeTarget "ViperIos" */ = {
			isa = XCConfigurationList;
			buildConfigurations = (
				22BFAC1B22E48DDB00EA833B /* Debug */,
				22BFAC1C22E48DDB00EA833B /* Release */,
			);
			defaultConfigurationIsVisible = 0;
			defaultConfigurationName = Release;
		};
/* End XCConfigurationList section */

/* Begin XCVersionGroup section */
		22BFAC0F22E48DDB00EA833B /* ViperIos.xcdatamodeld */ = {
			isa = XCVersionGroup;
			children = (
				22BFAC1022E48DDB00EA833B /* ViperIos.xcdatamodel */,
			);
			currentVersion = 22BFAC1022E48DDB00EA833B /* ViperIos.xcdatamodel */;
			path = ViperIos.xcdatamodeld;
			sourceTree = "<group>";
			versionGroupType = wrapper.xcdatamodel;
		};
/* End XCVersionGroup section */
	};
	rootObject = 22BFABFD22E48DDB00EA833B /* Project object */;
}
